{
  "name": "couture",
  "lockfileVersion": 3,
  "requires": true,
  "packages": {
    "": {
      "dependencies": {
        "@shopify/theme-predictive-search": "^4.1.1",
        "animejs": "^3.2.1"
      }
    },
    "node_modules/@shopify/theme-predictive-search": {
      "version": "4.1.1",
      "resolved": "https://registry.npmjs.org/@shopify/theme-predictive-search/-/theme-predictive-search-4.1.1.tgz",
      "integrity": "sha512-9ghzDEwAphuys0GfrP06jHDhnMHybwsMlLLYdruTeIo3XnD7JNc9KzLKEbeyyFG1NEckiOQW6rZl/xyeyTFJjw=="
    },
    "node_modules/animejs": {
      "version": "3.2.1",
      "resolved": "https://registry.npmjs.org/animejs/-/animejs-3.2.1.tgz",
      "integrity": "sha512-sWno3ugFryK5nhiDm/2BKeFCpZv7vzerWUcUPyAZLDhMek3+S/p418ldZJbJXo5ZUOpfm2kP2XRO4NJcULMy9A=="
    }
  }
}
